
Microsoft Visual Studio Solution File, Format Version 12.00
# Visual Studio Version 16
VisualStudioVersion = 16.0.30503.244
MinimumVisualStudioVersion = 10.0.40219.1
Project("{9A19103F-16F7-4668-BE54-9A1E7A4F7556}") = "API", "API\API.csproj", "{60B5B992-EA54-4894-8183-2D24524331DE}"
EndProject
Project("{9A19103F-16F7-4668-BE54-9A1E7A4F7556}") = "Core", "Core\Core.csproj", "{35777EF1-6BF1-470D-9C65-EFAD37CDE35F}"
EndProject
Project("{9A19103F-16F7-4668-BE54-9A1E7A4F7556}") = "Infrastructure", "Infrastructure\Infrastructure.csproj", "{0C2C0321-3BEE-405E-BDE1-68B74FE942A1}"
EndProject
Project("{2150E333-8FDC-42A3-9474-1A3956D46DE8}") = "Solution Items", "Solution Items", "{A0EE578E-98E2-436E-B122-B2FBB201282E}"
	ProjectSection(SolutionItems) = preProject
		D:\Repository\Datatables.ServerSide\SampleCustomers.sql = D:\Repository\Datatables.ServerSide\SampleCustomers.sql
	EndProjectSection
EndProject
Global
	GlobalSection(SolutionConfigurationPlatforms) = preSolution
		Debug|Any CPU = Debug|Any CPU
		Release|Any CPU = Release|Any CPU
	EndGlobalSection
	GlobalSection(ProjectConfigurationPlatforms) = postSolution
		{60B5B992-EA54-4894-8183-2D24524331DE}.Debug|Any CPU.ActiveCfg = Debug|Any CPU
		{60B5B992-EA54-4894-8183-2D24524331DE}.Debug|Any CPU.Build.0 = Debug|Any CPU
		{60B5B992-EA54-4894-8183-2D24524331DE}.Release|Any CPU.ActiveCfg = Release|Any CPU
		{60B5B992-EA54-4894-8183-2D24524331DE}.Release|Any CPU.Build.0 = Release|Any CPU
		{35777EF1-6BF1-470D-9C65-EFAD37CDE35F}.Debug|Any CPU.ActiveCfg = Debug|Any CPU
		{35777EF1-6BF1-470D-9C65-EFAD37CDE35F}.Debug|Any CPU.Build.0 = Debug|Any CPU
		{35777EF1-6BF1-470D-9C65-EFAD37CDE35F}.Release|Any CPU.ActiveCfg = Release|Any CPU
		{35777EF1-6BF1-470D-9C65-EFAD37CDE35F}.Release|Any CPU.Build.0 = Release|Any CPU
		{0C2C0321-3BEE-405E-BDE1-68B74FE942A1}.Debug|Any CPU.ActiveCfg = Debug|Any CPU
		{0C2C0321-3BEE-405E-BDE1-68B74FE942A1}.Debug|Any CPU.Build.0 = Debug|Any CPU
		{0C2C0321-3BEE-405E-BDE1-68B74FE942A1}.Release|Any CPU.ActiveCfg = Release|Any CPU
		{0C2C0321-3BEE-405E-BDE1-68B74FE942A1}.Release|Any CPU.Build.0 = Release|Any CPU
	EndGlobalSection
	GlobalSection(SolutionProperties) = preSolution
		HideSolutionNode = FALSE
	EndGlobalSection
	GlobalSection(ExtensibilityGlobals) = postSolution
		SolutionGuid = {24272753-9531-4BFB-A8BC-F72BA18E3FEE}
	EndGlobalSection
EndGlobal
